// !$*UTF8*$!
{
	archiveVersion = 1;
	classes = {
	};
	objectVersion = 46;
	objects = {

/* Begin PBXBuildFile section */
		785F74B31D9F0F9C0096291F /* AppDelegate.swift in Sources */ = {isa = PBXBuildFile; fileRef = 785F74B21D9F0F9C0096291F /* AppDelegate.swift */; };
		785F74B51D9F0F9C0096291F /* ViewController.swift in Sources */ = {isa = PBXBuildFile; fileRef = 785F74B41D9F0F9C0096291F /* ViewController.swift */; };
		785F74B81D9F0F9D0096291F /* Main.storyboard in Resources */ = {isa = PBXBuildFile; fileRef = 785F74B61D9F0F9D0096291F /* Main.storyboard */; };
		785F74BA1D9F0F9D0096291F /* Assets.xcassets in Resources */ = {isa = PBXBuildFile; fileRef = 785F74B91D9F0F9D0096291F /* Assets.xcassets */; };
		785F74BD1D9F0F9D0096291F /* LaunchScreen.storyboard in Resources */ = {isa = PBXBuildFile; fileRef = 785F74BB1D9F0F9D0096291F /* LaunchScreen.storyboard */; };
/* End PBXBuildFile section */

/* Begin PBXFileReference section */
		785F74AF1D9F0F9C0096291F /* Practica1.app */ = {isa = PBXFileReference; explicitFileType = wrapper.application; includeInIndex = 0; path = Practica1.app; sourceTree = BUILT_PRODUCTS_DIR; };
		785F74B21D9F0F9C0096291F /* AppDelegate.swift */ = {isa = PBXFileReference; lastKnownFileType = sourcecode.swift; path = AppDelegate.swift; sourceTree = "<group>"; };
		785F74B41D9F0F9C0096291F /* ViewController.swift */ = {isa = PBXFileReference; lastKnownFileType = sourcecode.swift; path = ViewController.swift; sourceTree = "<group>"; };
		785F74B71D9F0F9D0096291F /* Base */ = {isa = PBXFileReference; lastKnownFileType = file.storyboard; name = Base; path = Base.lproj/Main.storyboard; sourceTree = "<group>"; };
		785F74B91D9F0F9D0096291F /* Assets.xcassets */ = {isa = PBXFileReference; lastKnownFileType = folder.assetcatalog; path = Assets.xcassets; sourceTree = "<group>"; };
		785F74BC1D9F0F9D0096291F /* Base */ = {isa = PBXFileReference; lastKnownFileType = file.storyboard; name = Base; path = Base.lproj/LaunchScreen.storyboard; sourceTree = "<group>"; };
		785F74BE1D9F0F9D0096291F /* Info.plist */ = {isa = PBXFileReference; lastKnownFileType = text.plist.xml; path = Info.plist; sourceTree = "<group>"; };
/* End PBXFileReference section */

/* Begin PBXFrameworksBuildPhase section */
		785F74AC1D9F0F9C0096291F /* Frameworks */ = {
			isa = PBXFrameworksBuildPhase;
			buildActionMask = 2147483647;
			files = (
			);
			runOnlyForDeploymentPostprocessing = 0;
		};
/* End PBXFrameworksBuildPhase section */

/* Begin PBXGroup section */
		785F74A61D9F0F9C0096291F = {
			isa = PBXGroup;
			children = (
				785F74B11D9F0F9C0096291F /* Practica1 */,
				785F74B01D9F0F9C0096291F /* Products */,
			);
			sourceTree = "<group>";
		};
		785F74B01D9F0F9C0096291F /* Products */ = {
			isa = PBXGroup;
			children = (
				785F74AF1D9F0F9C0096291F /* Practica1.app */,
			);
			name = Products;
			sourceTree = "<group>";
		};
		785F74B11D9F0F9C0096291F /* Practica1 */ = {
			isa = PBXGroup;
			children = (
				785F74B21D9F0F9C0096291F /* AppDelegate.swift */,
				785F74B41D9F0F9C0096291F /* ViewController.swift */,
				785F74B61D9F0F9D0096291F /* Main.storyboard */,
				785F74B91D9F0F9D0096291F /* Assets.xcassets */,
				785F74BB1D9F0F9D0096291F /* LaunchScreen.storyboard */,
				785F74BE1D9F0F9D0096291F /* Info.plist */,
			);
			path = Practica1;
			sourceTree = "<group>";
		};
/* End PBXGroup section */

/* Begin PBXNativeTarget section */
		785F74AE1D9F0F9C0096291F /* Practica1 */ = {
			isa = PBXNativeTarget;
			buildConfigurationList = 785F74C11D9F0F9D0096291F /* Build configuration list for PBXNativeTarget "Practica1" */;
			buildPhases = (
				785F74AB1D9F0F9C0096291F /* Sources */,
				785F74AC1D9F0F9C0096291F /* Frameworks */,
				785F74AD1D9F0F9C0096291F /* Resources */,
			);
			buildRules = (
			);
			dependencies = (
			);
			name = Practica1;
			productName = Practica1;
			productReference = 785F74AF1D9F0F9C0096291F /* Practica1.app */;
			productType = "com.apple.product-type.application";
		};
/* End PBXNativeTarget section */

/* Begin PBXProject section */
		785F74A71D9F0F9C0096291F /* Project object */ = {
			isa = PBXProject;
			attributes = {
				LastSwiftUpdateCheck = 0730;
				LastUpgradeCheck = 0730;
				ORGANIZATIONNAME = Invitado;
				TargetAttributes = {
					785F74AE1D9F0F9C0096291F = {
						CreatedOnToolsVersion = 7.3.1;
					};
				};
			};
			buildConfigurationList = 785F74AA1D9F0F9C0096291F /* Build configuration list for PBXProject "Practica1" */;
			compatibilityVersion = "Xcode 3.2";
			developmentRegion = English;
			hasScannedForEncodings = 0;
			knownRegions = (
				en,
				Base,
			);
			mainGroup = 785F74A61D9F0F9C0096291F;
			productRefGroup = 785F74B01D9F0F9C0096291F /* Products */;
			projectDirPath = "";
			projectRoot = "";
			targets = (
				785F74AE1D9F0F9C0096291F /* Practica1 */,
			);
		};
/* End PBXProject section */

/* Begin PBXResourcesBuildPhase section */
		785F74AD1D9F0F9C0096291F /* Resources */ = {
			isa = PBXResourcesBuildPhase;
			buildActionMask = 2147483647;
			files = (
				785F74BD1D9F0F9D0096291F /* LaunchScreen.storyboard in Resources */,
				785F74BA1D9F0F9D0096291F /* Assets.xcassets in Resources */,
				785F74B81D9F0F9D0096291F /* Main.storyboard in Resources */,
			);
			runOnlyForDeploymentPostprocessing = 0;
		};
/* End PBXResourcesBuildPhase section */

/* Begin PBXSourcesBuildPhase section */
		785F74AB1D9F0F9C0096291F /* Sources */ = {
			isa = PBXSourcesBuildPhase;
			buildActionMask = 2147483647;
			files = (
				785F74B51D9F0F9C0096291F /* ViewController.swift in Sources */,
				785F74B31D9F0F9C0096291F /* AppDelegate.swift in Sources */,
			);
			runOnlyForDeploymentPostprocessing = 0;
		};
/* End PBXSourcesBuildPhase section */

/* Begin PBXVariantGroup section */
		785F74B61D9F0F9D0096291F /* Main.storyboard */ = {
			isa = PBXVariantGroup;
			children = (
				785F74B71D9F0F9D0096291F /* Base */,
			);
			name = Main.storyboard;
			sourceTree = "<group>";
		};
		785F74BB1D9F0F9D0096291F /* LaunchScreen.storyboard */ = {
			isa = PBXVariantGroup;
			children = (
				785F74BC1D9F0F9D0096291F /* Base */,
			);
			name = LaunchScreen.storyboard;
			sourceTree = "<group>";
		};
/* End PBXVariantGroup section */

/* Begin XCBuildConfiguration section */
		785F74BF1D9F0F9D0096291F /* Debug */ = {
			isa = XCBuildConfiguration;
			buildSettings = {
				ALWAYS_SEARCH_USER_PATHS = NO;
				CLANG_ANALYZER_NONNULL = YES;
				CLANG_CXX_LANGUAGE_STANDARD = "gnu++0x";
				CLANG_CXX_LIBRARY = "libc++";
				CLANG_ENABLE_MODULES = YES;
				CLANG_ENABLE_OBJC_ARC = YES;
				CLANG_WARN_BOOL_CONVERSION = YES;
				CLANG_WARN_CONSTANT_CONVERSION = YES;
				CLANG_WARN_DIRECT_OBJC_ISA_USAGE = YES_ERROR;
				CLANG_WARN_EMPTY_BODY = YES;
				CLANG_WARN_ENUM_CONVERSION = YES;
				CLANG_WARN_INT_CONVERSION = YES;
				CLANG_WARN_OBJC_ROOT_CLASS = YES_ERROR;
				CLANG_WARN_UNREACHABLE_CODE = YES;
				CLANG_WARN__DUPLICATE_METHOD_MATCH = YES;
				"CODE_SIGN_IDENTITY[sdk=iphoneos*]" = "iPhone Developer";
				COPY_PHASE_STRIP = NO;
				DEBUG_INFORMATION_FORMAT = dwarf;
				ENABLE_STRICT_OBJC_MSGSEND = YES;
				ENABLE_TESTABILITY = YES;
				GCC_C_LANGUAGE_STANDARD = gnu99;
				GCC_DYNAMIC_NO_PIC = NO;
				GCC_NO_COMMON_BLOCKS = YES;
				GCC_OPTIMIZATION_LEVEL = 0;
				GCC_PREPROCESSOR_DEFINITIONS = (
					"DEBUG=1",
					"$(inherited)",
				);
				GCC_WARN_64_TO_32_BIT_CONVERSION = YES;
				GCC_WARN_ABOUT_RETURN_TYPE = YES_ERROR;
				GCC_WARN_UNDECLARED_SELECTOR = YES;
				GCC_WARN_UNINITIALIZED_AUTOS = YES_AGGRESSIVE;
				GCC_WARN_UNUSED_FUNCTION = YES;
				GCC_WARN_UNUSED_VARIABLE = YES;
				IPHONEOS_DEPLOYMENT_TARGET = 9.3;
				MTL_ENABLE_DEBUG_INFO = YES;
				ONLY_ACTIVE_ARCH = YES;
				SDKROOT = iphoneos;
				SWIFT_OPTIMIZATION_LEVEL = "-Onone";
			};
			name = Debug;
		};
		785F74C01D9F0F9D0096291F /* Release */ = {
			isa = XCBuildConfiguration;
			buildSettings = {
				ALWAYS_SEARCH_USER_PATHS = NO;
				CLANG_ANALYZER_NONNULL = YES;
				CLANG_CXX_LANGUAGE_STANDARD = "gnu++0x";
				CLANG_CXX_LIBRARY = "libc++";
				CLANG_ENABLE_MODULES = YES;
				CLANG_ENABLE_OBJC_ARC = YES;
				CLANG_WARN_BOOL_CONVERSION = YES;
				CLANG_WARN_CONSTANT_CONVERSION = YES;
				CLANG_WARN_DIRECT_OBJC_ISA_USAGE = YES_ERROR;
				CLANG_WARN_EMPTY_BODY = YES;
				CLANG_WARN_ENUM_CONVERSION = YES;
				CLANG_WARN_INT_CONVERSION = YES;
				CLANG_WARN_OBJC_ROOT_CLASS = YES_ERROR;
				CLANG_WARN_UNREACHABLE_CODE = YES;
				CLANG_WARN__DUPLICATE_METHOD_MATCH = YES;
				"CODE_SIGN_IDENTITY[sdk=iphoneos*]" = "iPhone Developer";
				COPY_PHASE_STRIP = NO;
				DEBUG_INFORMATION_FORMAT = "dwarf-with-dsym";
				ENABLE_NS_ASSERTIONS = NO;
				ENABLE_STRICT_OBJC_MSGSEND = YES;
				GCC_C_LANGUAGE_STANDARD = gnu99;
				GCC_NO_COMMON_BLOCKS = YES;
				GCC_WARN_64_TO_32_BIT_CONVERSION = YES;
				GCC_WARN_ABOUT_RETURN_TYPE = YES_ERROR;
				GCC_WARN_UNDECLARED_SELECTOR = YES;
				GCC_WARN_UNINITIALIZED_AUTOS = YES_AGGRESSIVE;
				GCC_WARN_UNUSED_FUNCTION = YES;
				GCC_WARN_UNUSED_VARIABLE = YES;
				IPHONEOS_DEPLOYMENT_TARGET = 9.3;
				MTL_ENABLE_DEBUG_INFO = NO;
				SDKROOT = iphoneos;
				VALIDATE_PRODUCT = YES;
			};
			name = Release;
		};
		785F74C21D9F0F9D0096291F /* Debug */ = {
			isa = XCBuildConfiguration;
			buildSettings = {
				ASSETCATALOG_COMPILER_APPICON_NAME = AppIcon;
				INFOPLIST_FILE = Practica1/Info.plist;
				LD_RUNPATH_SEARCH_PATHS = "$(inherited) @executable_path/Frameworks";
				PRODUCT_BUNDLE_IDENTIFIER = mx.OrdunaNidia.Practica1;
				PRODUCT_NAME = "$(TARGET_NAME)";
			};
			name = Debug;
		};
		785F74C31D9F0F9D0096291F /* Release */ = {
			isa = XCBuildConfiguration;
			buildSettings = {
				ASSETCATALOG_COMPILER_APPICON_NAME = AppIcon;
				INFOPLIST_FILE = Practica1/Info.plist;
				LD_RUNPATH_SEARCH_PATHS = "$(inherited) @executable_path/Frameworks";
				PRODUCT_BUNDLE_IDENTIFIER = mx.OrdunaNidia.Practica1;
				PRODUCT_NAME = "$(TARGET_NAME)";
			};
			name = Release;
		};
/* End XCBuildConfiguration section */

/* Begin XCConfigurationList section */
		785F74AA1D9F0F9C0096291F /* Build configuration list for PBXProject "Practica1" */ = {
			isa = XCConfigurationList;
			buildConfigurations = (
				785F74BF1D9F0F9D0096291F /* Debug */,
				785F74C01D9F0F9D0096291F /* Release */,
			);
			defaultConfigurationIsVisible = 0;
			defaultConfigurationName = Release;
		};
		785F74C11D9F0F9D0096291F /* Build configuration list for PBXNativeTarget "Practica1" */ = {
			isa = XCConfigurationList;
			buildConfigurations = (
				785F74C21D9F0F9D0096291F /* Debug */,
				785F74C31D9F0F9D0096291F /* Release */,
			);
			defaultConfigurationIsVisible = 0;
		};
/* End XCConfigurationList section */
	};
	rootObject = 785F74A71D9F0F9C0096291F /* Project object */;
}
